# This file is automatically @generated by Cargo.
# It is not intended for manual editing.
version = 4

[[package]]
name = "crater_core"
version = "0.1.0"
dependencies = [
 "miosix",
]

[[package]]
name = "flight"
version = "0.1.0"
dependencies = [
 "crater_core",
 "miosix",
]

[[package]]
name = "miosix"
version = "0.1.0"
